{
  "name": "ef-a11y",
  "version": "1.0.0",
  "lockfileVersion": 2,
  "requires": true,
  "packages": {
    "": {
      "version": "1.0.0",
      "license": "ISC",
      "dependencies": {
        "@refinitiv-ui/elements": "^5.0.0"
      }
    },
    "node_modules/@formatjs/ecma402-abstract": {
      "version": "1.5.4",
      "resolved": "https://registry.npmjs.org/@formatjs/ecma402-abstract/-/ecma402-abstract-1.5.4.tgz",
      "integrity": "sha512-PyzVaiXHCp1WtXnR30P06BYqWHHY5YIkbwxfB2WE1yNa7XXvozmh6mSc099HgSoTY5ZmOAqwh78G2qOg0j5aPw==",
      "dependencies": {
        "tslib": "^2.0.1"
      }
    },
    "node_modules/@formatjs/intl-utils": {
      "version": "3.8.4",
      "resolved": "https://registry.npmjs.org/@formatjs/intl-utils/-/intl-utils-3.8.4.tgz",
      "integrity": "sha512-j5C6NyfKevIxsfLK8KwO1C0vvP7k1+h4A9cFpc+cr6mEwCc1sPkr17dzh0Ke6k9U5pQccAQoXdcNBl3IYa4+ZQ==",
      "dependencies": {
        "emojis-list": "^3.0.0"
      }
    },
    "node_modules/@juggle/resize-observer": {
      "version": "3.3.1",
      "resolved": "https://registry.npmjs.org/@juggle/resize-observer/-/resize-observer-3.3.1.tgz",
      "integrity": "sha512-zMM9Ds+SawiUkakS7y94Ymqx+S0ORzpG3frZirN3l+UlXUmSUR7hF4wxCVqW+ei94JzV5kt0uXBcoOEAuiydrw=="
    },
    "node_modules/@refinitiv-ui/browser-sparkline": {
      "version": "1.1.7",
      "resolved": "https://registry.npmjs.org/@refinitiv-ui/browser-sparkline/-/browser-sparkline-1.1.7.tgz",
      "integrity": "sha512-voUSkc55VhPV0KE6X8IkDhUXhvk+kCS9hrh4mh9Bu4m8Cnf5yUcFH1cDldv367opQYoV8Hr73ZBKO2YE0LRlfA=="
    },
    "node_modules/@refinitiv-ui/core": {
      "version": "5.0.0",
      "resolved": "https://registry.npmjs.org/@refinitiv-ui/core/-/core-5.0.0.tgz",
      "integrity": "sha512-ikl7ojjSqpkUE8ZvfKPmBxaqI2A1t/CWFy7horGhTowAqUI3hJezEnr7nwXLJ+XDE+AZdhhhbj9mal84YhXXjg==",
      "dependencies": {
        "@juggle/resize-observer": "^3.3.0",
        "lit-element": "^2.4.0",
        "lit-html": "^1.3.0"
      }
    },
    "node_modules/@refinitiv-ui/elemental-theme": {
      "version": "5.0.0",
      "resolved": "https://registry.npmjs.org/@refinitiv-ui/elemental-theme/-/elemental-theme-5.0.0.tgz",
      "integrity": "sha512-nYOad7vnua79AGMxtgFyHxiM+IZLZSJRGF9SS3+Ir/Gnp2aAZCNvzqmmuDeY2r6WZEgNcyyMbq8TzWCGejwDrA=="
    },
    "node_modules/@refinitiv-ui/elements": {
      "version": "5.0.0",
      "resolved": "https://registry.npmjs.org/@refinitiv-ui/elements/-/elements-5.0.0.tgz",
      "integrity": "sha512-jUWf3WFEkkLGjbTIyC+nfjLv0/Jy2XXmTIJaro+DWFzydlQ+N3Q0H9hOHT5kCywHR4ptQv3vIhAJBt9CcMbhdQ==",
      "dependencies": {
        "@refinitiv-ui/browser-sparkline": "1.1.7",
        "@refinitiv-ui/core": "^5.0.0",
        "@refinitiv-ui/halo-theme": "^5.0.0",
        "@refinitiv-ui/solar-theme": "^5.0.0",
        "@refinitiv-ui/translate": "^5.0.0",
        "@refinitiv-ui/utils": "^5.0.0",
        "@types/chart.js": "^2.9.31",
        "chart.js": "2.9.3",
        "d3-color": "^2.0.0",
        "d3-interpolate": "^2.0.1",
        "date-fns": "^2.22.1",
        "lightweight-charts": "^3.3.0"
      }
    },
    "node_modules/@refinitiv-ui/halo-theme": {
      "version": "5.0.0",
      "resolved": "https://registry.npmjs.org/@refinitiv-ui/halo-theme/-/halo-theme-5.0.0.tgz",
      "integrity": "sha512-Gaj6lLb7nKl6xP1s/n5no4WmnTb4vDSvG700q8q/VIYo9ixPmGKpeowz9M4m30XXS5hJ35PaUFy511iO5OFNrg==",
      "dependencies": {
        "@refinitiv-ui/elemental-theme": "^5.0.0"
      }
    },
    "node_modules/@refinitiv-ui/i18n": {
      "version": "5.0.0",
      "resolved": "https://registry.npmjs.org/@refinitiv-ui/i18n/-/i18n-5.0.0.tgz",
      "integrity": "sha512-MH3tNez1uxuxA0T6qn3TJFibYvJM2RaaAZeMWr2uRPGwNDkrMeL0f2JeHAGw2yI05dfl9CbI/rhSiWOfyM8ghQ==",
      "dependencies": {
        "@formatjs/intl-utils": "^3.8.4",
        "@refinitiv-ui/phrasebook": "^5.0.0",
        "intl-format-cache": "^4.3.1",
        "intl-messageformat": "~9.4.0"
      }
    },
    "node_modules/@refinitiv-ui/phrasebook": {
      "version": "5.0.0",
      "resolved": "https://registry.npmjs.org/@refinitiv-ui/phrasebook/-/phrasebook-5.0.0.tgz",
      "integrity": "sha512-o4C0ZdiH72Esft7Ya3V5M2fDCrlpSWS8eCZvXLJAWSZvYy5EdotjdJq9x756bhLNI/varkio6tdebHOl8lr3PQ=="
    },
    "node_modules/@refinitiv-ui/solar-theme": {
      "version": "5.0.0",
      "resolved": "https://registry.npmjs.org/@refinitiv-ui/solar-theme/-/solar-theme-5.0.0.tgz",
      "integrity": "sha512-aeKj2QL8CshXkvVxRFwdOObf9r+3DvSj14hYZvvWAx5s43rvWnz8VWQo4KFeLYc16FcS87kfk5qdcMrpHFxBIg==",
      "dependencies": {
        "@refinitiv-ui/elemental-theme": "^5.0.0"
      }
    },
    "node_modules/@refinitiv-ui/translate": {
      "version": "5.0.0",
      "resolved": "https://registry.npmjs.org/@refinitiv-ui/translate/-/translate-5.0.0.tgz",
      "integrity": "sha512-IlSn7QwUTq0jU0E9aXNopfQUJbBMTZgIyLNzXTrnqaS7lP9QVa1SKVT9veE+x6ZYjz5+Jpjzn+bX4XEPKdLmqA==",
      "dependencies": {
        "@refinitiv-ui/core": "^5.0.0",
        "@refinitiv-ui/i18n": "^5.0.0",
        "@refinitiv-ui/phrasebook": "^5.0.0",
        "lit-html": "^1.3.0"
      }
    },
    "node_modules/@refinitiv-ui/utils": {
      "version": "5.0.0",
      "resolved": "https://registry.npmjs.org/@refinitiv-ui/utils/-/utils-5.0.0.tgz",
      "integrity": "sha512-JrLFPMNvDR7qPxmX2NQ6FWZGAtt90oqklTwz2Xk3roqe7aigS6ABp5sdbLENL75MAkt7eC3+sTK2Pagi8ic+Ow==",
      "dependencies": {
        "@types/d3-color": "^2.0.1",
        "@types/uuid": "^8.3.0",
        "d3-color": "^2.0.0",
        "uuid": "^8.3.2"
      }
    },
    "node_modules/@types/chart.js": {
      "version": "2.9.34",
      "resolved": "https://registry.npmjs.org/@types/chart.js/-/chart.js-2.9.34.tgz",
      "integrity": "sha512-CtZVk+kh1IN67dv+fB0CWmCLCRrDJgqOj15qPic2B1VCMovNO6B7Vhf/TgPpNscjhAL1j+qUntDMWb9A4ZmPTg==",
      "dependencies": {
        "moment": "^2.10.2"
      }
    },
    "node_modules/@types/d3-color": {
      "version": "2.0.3",
      "resolved": "https://registry.npmjs.org/@types/d3-color/-/d3-color-2.0.3.tgz",
      "integrity": "sha512-+0EtEjBfKEDtH9Rk3u3kLOUXM5F+iZK+WvASPb0MhIZl8J8NUvGeZRwKCXl+P3HkYx5TdU4YtcibpqHkSR9n7w=="
    },
    "node_modules/@types/uuid": {
      "version": "8.3.1",
      "resolved": "https://registry.npmjs.org/@types/uuid/-/uuid-8.3.1.tgz",
      "integrity": "sha512-Y2mHTRAbqfFkpjldbkHGY8JIzRN6XqYRliG8/24FcHm2D2PwW24fl5xMRTVGdrb7iMrwCaIEbLWerGIkXuFWVg=="
    },
    "node_modules/chart.js": {
      "version": "2.9.3",
      "resolved": "https://registry.npmjs.org/chart.js/-/chart.js-2.9.3.tgz",
      "integrity": "sha512-+2jlOobSk52c1VU6fzkh3UwqHMdSlgH1xFv9FKMqHiNCpXsGPQa/+81AFa+i3jZ253Mq9aAycPwDjnn1XbRNNw==",
      "dependencies": {
        "chartjs-color": "^2.1.0",
        "moment": "^2.10.2"
      }
    },
    "node_modules/chartjs-color": {
      "version": "2.4.1",
      "resolved": "https://registry.npmjs.org/chartjs-color/-/chartjs-color-2.4.1.tgz",
      "integrity": "sha512-haqOg1+Yebys/Ts/9bLo/BqUcONQOdr/hoEr2LLTRl6C5LXctUdHxsCYfvQVg5JIxITrfCNUDr4ntqmQk9+/0w==",
      "dependencies": {
        "chartjs-color-string": "^0.6.0",
        "color-convert": "^1.9.3"
      }
    },
    "node_modules/chartjs-color-string": {
      "version": "0.6.0",
      "resolved": "https://registry.npmjs.org/chartjs-color-string/-/chartjs-color-string-0.6.0.tgz",
      "integrity": "sha512-TIB5OKn1hPJvO7JcteW4WY/63v6KwEdt6udfnDE9iCAZgy+V4SrbSxoIbTw/xkUIapjEI4ExGtD0+6D3KyFd7A==",
      "dependencies": {
        "color-name": "^1.0.0"
      }
    },
    "node_modules/color-convert": {
      "version": "1.9.3",
      "resolved": "https://registry.npmjs.org/color-convert/-/color-convert-1.9.3.tgz",
      "integrity": "sha512-QfAUtd+vFdAtFQcC8CCyYt1fYWxSqAiK2cSD6zDB8N3cpsEBAvRxp9zOGg6G/SHHJYAT88/az/IuDGALsNVbGg==",
      "dependencies": {
        "color-name": "1.1.3"
      }
    },
    "node_modules/color-convert/node_modules/color-name": {
      "version": "1.1.3",
      "resolved": "https://registry.npmjs.org/color-name/-/color-name-1.1.3.tgz",
      "integrity": "sha1-p9BVi9icQveV3UIyj3QIMcpTvCU="
    },
    "node_modules/color-name": {
      "version": "1.1.4",
      "resolved": "https://registry.npmjs.org/color-name/-/color-name-1.1.4.tgz",
      "integrity": "sha512-dOy+3AuW3a2wNbZHIuMZpTcgjGuLU/uBL/ubcZF9OXbDo8ff4O8yVp5Bf0efS8uEoYo5q4Fx7dY9OgQGXgAsQA=="
    },
    "node_modules/d3-color": {
      "version": "2.0.0",
      "resolved": "https://registry.npmjs.org/d3-color/-/d3-color-2.0.0.tgz",
      "integrity": "sha512-SPXi0TSKPD4g9tw0NMZFnR95XVgUZiBH+uUTqQuDu1OsE2zomHU7ho0FISciaPvosimixwHFl3WHLGabv6dDgQ=="
    },
    "node_modules/d3-interpolate": {
      "version": "2.0.1",
      "resolved": "https://registry.npmjs.org/d3-interpolate/-/d3-interpolate-2.0.1.tgz",
      "integrity": "sha512-c5UhwwTs/yybcmTpAVqwSFl6vrQ8JZJoT5F7xNFK9pymv5C0Ymcc9/LIJHtYIggg/yS9YHw8i8O8tgb9pupjeQ==",
      "dependencies": {
        "d3-color": "1 - 2"
      }
    },
    "node_modules/date-fns": {
      "version": "2.22.1",
      "resolved": "https://registry.npmjs.org/date-fns/-/date-fns-2.22.1.tgz",
      "integrity": "sha512-yUFPQjrxEmIsMqlHhAhmxkuH769baF21Kk+nZwZGyrMoyLA+LugaQtC0+Tqf9CBUUULWwUJt6Q5ySI3LJDDCGg==",
      "engines": {
        "node": ">=0.11"
      },
      "funding": {
        "type": "opencollective",
        "url": "https://opencollective.com/date-fns"
      }
    },
    "node_modules/emojis-list": {
      "version": "3.0.0",
      "resolved": "https://registry.npmjs.org/emojis-list/-/emojis-list-3.0.0.tgz",
      "integrity": "sha512-/kyM18EfinwXZbno9FyUGeFh87KC8HRQBQGildHZbEuRyWFOmv1U10o9BBp8XVZDVNNuQKyIGIu5ZYAAXJ0V2Q==",
      "engines": {
        "node": ">= 4"
      }
    },
    "node_modules/fancy-canvas": {
      "version": "0.2.2",
      "resolved": "https://registry.npmjs.org/fancy-canvas/-/fancy-canvas-0.2.2.tgz",
      "integrity": "sha512-50qi8xA0QkHbjmb8h7XQ6k2fvD7y/yMfiUw9YTarJ7rWrq6o5/3CCXPouYk+XSLASvvxtjyiQLRBFt3qkE3oyA=="
    },
    "node_modules/fast-memoize": {
      "version": "2.5.2",
      "resolved": "https://registry.npmjs.org/fast-memoize/-/fast-memoize-2.5.2.tgz",
      "integrity": "sha512-Ue0LwpDYErFbmNnZSF0UH6eImUwDmogUO1jyE+JbN2gsQz/jICm1Ve7t9QT0rNSsfJt+Hs4/S3GnsDVjL4HVrw=="
    },
    "node_modules/intl-format-cache": {
      "version": "4.3.1",
      "resolved": "https://registry.npmjs.org/intl-format-cache/-/intl-format-cache-4.3.1.tgz",
      "integrity": "sha512-OEUYNA7D06agqPOYhbTkl0T8HA3QKSuwWh1HiClEnpd9vw7N+3XsQt5iZ0GUEchp5CW1fQk/tary+NsbF3yQ1Q=="
    },
    "node_modules/intl-messageformat": {
      "version": "9.4.9",
      "resolved": "https://registry.npmjs.org/intl-messageformat/-/intl-messageformat-9.4.9.tgz",
      "integrity": "sha512-kzGWQKQbr+RWp0Y++mUq3xuria4kk8sGspD62tBaFixq2Pv0NGy/BOVI1VvdIELbgSz0fKl4jA/klH+cYDU2iQ==",
      "dependencies": {
        "fast-memoize": "^2.5.2",
        "intl-messageformat-parser": "6.3.4",
        "tslib": "^2.0.1"
      }
    },
    "node_modules/intl-messageformat-parser": {
      "version": "6.3.4",
      "resolved": "https://registry.npmjs.org/intl-messageformat-parser/-/intl-messageformat-parser-6.3.4.tgz",
      "integrity": "sha512-nlAjRbE52xxK6F6bdJ8nR7mQodP7VanP8dWPfLwby8Murt7pvyq4V49/f9l0LqvmZvqqKE4tS0+EHI6u0Xx+6A==",
      "deprecated": "We've written a new parser that's 6x faster and is backwards compatible. Please use @formatjs/icu-messageformat-parser",
      "dependencies": {
        "@formatjs/ecma402-abstract": "1.5.4",
        "tslib": "^2.0.1"
      }
    },
    "node_modules/lightweight-charts": {
      "version": "3.4.0",
      "resolved": "https://registry.npmjs.org/lightweight-charts/-/lightweight-charts-3.4.0.tgz",
      "integrity": "sha512-FV1F/9c3+0WiSZkZszOIaw32YZhxVjQbE9LKf9LavL+2JQPeBce8rV0CIiT1puzRUMK+JJR2cbL1Ky+PkIy88A==",
      "dependencies": {
        "fancy-canvas": "0.2.2"
      }
    },
    "node_modules/lit-element": {
      "version": "2.5.1",
      "resolved": "https://registry.npmjs.org/lit-element/-/lit-element-2.5.1.tgz",
      "integrity": "sha512-ogu7PiJTA33bEK0xGu1dmaX5vhcRjBXCFexPja0e7P7jqLhTpNKYRPmE+GmiCaRVAbiQKGkUgkh/i6+bh++dPQ==",
      "dependencies": {
        "lit-html": "^1.1.1"
      }
    },
    "node_modules/lit-html": {
      "version": "1.4.1",
      "resolved": "https://registry.npmjs.org/lit-html/-/lit-html-1.4.1.tgz",
      "integrity": "sha512-B9btcSgPYb1q4oSOb/PrOT6Z/H+r6xuNzfH4lFli/AWhYwdtrgQkQWBbIc6mdnf6E2IL3gDXdkkqNktpU0OZQA=="
    },
    "node_modules/moment": {
      "version": "2.29.1",
      "resolved": "https://registry.npmjs.org/moment/-/moment-2.29.1.tgz",
      "integrity": "sha512-kHmoybcPV8Sqy59DwNDY3Jefr64lK/by/da0ViFcuA4DH0vQg5Q6Ze5VimxkfQNSC+Mls/Kx53s7TjP1RhFEDQ==",
      "engines": {
        "node": "*"
      }
    },
    "node_modules/tslib": {
      "version": "2.3.0",
      "resolved": "https://registry.npmjs.org/tslib/-/tslib-2.3.0.tgz",
      "integrity": "sha512-N82ooyxVNm6h1riLCoyS9e3fuJ3AMG2zIZs2Gd1ATcSFjSA23Q0fzjjZeh0jbJvWVDZ0cJT8yaNNaaXHzueNjg=="
    },
    "node_modules/uuid": {
      "version": "8.3.2",
      "resolved": "https://registry.npmjs.org/uuid/-/uuid-8.3.2.tgz",
      "integrity": "sha512-+NYs2QeMWy+GWFOEm9xnn6HCDp0l7QBD7ml8zLUmJ+93Q5NF0NocErnwkTkXVFNiX3/fpC6afS8Dhb/gz7R7eg==",
      "bin": {
        "uuid": "dist/bin/uuid"
      }
    }
  },
  "dependencies": {
    "@formatjs/ecma402-abstract": {
      "version": "1.5.4",
      "resolved": "https://registry.npmjs.org/@formatjs/ecma402-abstract/-/ecma402-abstract-1.5.4.tgz",
      "integrity": "sha512-PyzVaiXHCp1WtXnR30P06BYqWHHY5YIkbwxfB2WE1yNa7XXvozmh6mSc099HgSoTY5ZmOAqwh78G2qOg0j5aPw==",
      "requires": {
        "tslib": "^2.0.1"
      }
    },
    "@formatjs/intl-utils": {
      "version": "3.8.4",
      "resolved": "https://registry.npmjs.org/@formatjs/intl-utils/-/intl-utils-3.8.4.tgz",
      "integrity": "sha512-j5C6NyfKevIxsfLK8KwO1C0vvP7k1+h4A9cFpc+cr6mEwCc1sPkr17dzh0Ke6k9U5pQccAQoXdcNBl3IYa4+ZQ==",
      "requires": {
        "emojis-list": "^3.0.0"
      }
    },
    "@juggle/resize-observer": {
      "version": "3.3.1",
      "resolved": "https://registry.npmjs.org/@juggle/resize-observer/-/resize-observer-3.3.1.tgz",
      "integrity": "sha512-zMM9Ds+SawiUkakS7y94Ymqx+S0ORzpG3frZirN3l+UlXUmSUR7hF4wxCVqW+ei94JzV5kt0uXBcoOEAuiydrw=="
    },
    "@refinitiv-ui/browser-sparkline": {
      "version": "1.1.7",
      "resolved": "https://registry.npmjs.org/@refinitiv-ui/browser-sparkline/-/browser-sparkline-1.1.7.tgz",
      "integrity": "sha512-voUSkc55VhPV0KE6X8IkDhUXhvk+kCS9hrh4mh9Bu4m8Cnf5yUcFH1cDldv367opQYoV8Hr73ZBKO2YE0LRlfA=="
    },
    "@refinitiv-ui/core": {
      "version": "5.0.0",
      "resolved": "https://registry.npmjs.org/@refinitiv-ui/core/-/core-5.0.0.tgz",
      "integrity": "sha512-ikl7ojjSqpkUE8ZvfKPmBxaqI2A1t/CWFy7horGhTowAqUI3hJezEnr7nwXLJ+XDE+AZdhhhbj9mal84YhXXjg==",
      "requires": {
        "@juggle/resize-observer": "^3.3.0",
        "lit-element": "^2.4.0",
        "lit-html": "^1.3.0"
      }
    },
    "@refinitiv-ui/elemental-theme": {
      "version": "5.0.0",
      "resolved": "https://registry.npmjs.org/@refinitiv-ui/elemental-theme/-/elemental-theme-5.0.0.tgz",
      "integrity": "sha512-nYOad7vnua79AGMxtgFyHxiM+IZLZSJRGF9SS3+Ir/Gnp2aAZCNvzqmmuDeY2r6WZEgNcyyMbq8TzWCGejwDrA=="
    },
    "@refinitiv-ui/elements": {
      "version": "5.0.0",
      "resolved": "https://registry.npmjs.org/@refinitiv-ui/elements/-/elements-5.0.0.tgz",
      "integrity": "sha512-jUWf3WFEkkLGjbTIyC+nfjLv0/Jy2XXmTIJaro+DWFzydlQ+N3Q0H9hOHT5kCywHR4ptQv3vIhAJBt9CcMbhdQ==",
      "requires": {
        "@refinitiv-ui/browser-sparkline": "1.1.7",
        "@refinitiv-ui/core": "^5.0.0",
        "@refinitiv-ui/halo-theme": "^5.0.0",
        "@refinitiv-ui/solar-theme": "^5.0.0",
        "@refinitiv-ui/translate": "^5.0.0",
        "@refinitiv-ui/utils": "^5.0.0",
        "@types/chart.js": "^2.9.31",
        "chart.js": "2.9.3",
        "d3-color": "^2.0.0",
        "d3-interpolate": "^2.0.1",
        "date-fns": "^2.22.1",
        "lightweight-charts": "^3.3.0"
      }
    },
    "@refinitiv-ui/halo-theme": {
      "version": "5.0.0",
      "resolved": "https://registry.npmjs.org/@refinitiv-ui/halo-theme/-/halo-theme-5.0.0.tgz",
      "integrity": "sha512-Gaj6lLb7nKl6xP1s/n5no4WmnTb4vDSvG700q8q/VIYo9ixPmGKpeowz9M4m30XXS5hJ35PaUFy511iO5OFNrg==",
      "requires": {
        "@refinitiv-ui/elemental-theme": "^5.0.0"
      }
    },
    "@refinitiv-ui/i18n": {
      "version": "5.0.0",
      "resolved": "https://registry.npmjs.org/@refinitiv-ui/i18n/-/i18n-5.0.0.tgz",
      "integrity": "sha512-MH3tNez1uxuxA0T6qn3TJFibYvJM2RaaAZeMWr2uRPGwNDkrMeL0f2JeHAGw2yI05dfl9CbI/rhSiWOfyM8ghQ==",
      "requires": {
        "@formatjs/intl-utils": "^3.8.4",
        "@refinitiv-ui/phrasebook": "^5.0.0",
        "intl-format-cache": "^4.3.1",
        "intl-messageformat": "~9.4.0"
      }
    },
    "@refinitiv-ui/phrasebook": {
      "version": "5.0.0",
      "resolved": "https://registry.npmjs.org/@refinitiv-ui/phrasebook/-/phrasebook-5.0.0.tgz",
      "integrity": "sha512-o4C0ZdiH72Esft7Ya3V5M2fDCrlpSWS8eCZvXLJAWSZvYy5EdotjdJq9x756bhLNI/varkio6tdebHOl8lr3PQ=="
    },
    "@refinitiv-ui/solar-theme": {
      "version": "5.0.0",
      "resolved": "https://registry.npmjs.org/@refinitiv-ui/solar-theme/-/solar-theme-5.0.0.tgz",
      "integrity": "sha512-aeKj2QL8CshXkvVxRFwdOObf9r+3DvSj14hYZvvWAx5s43rvWnz8VWQo4KFeLYc16FcS87kfk5qdcMrpHFxBIg==",
      "requires": {
        "@refinitiv-ui/elemental-theme": "^5.0.0"
      }
    },
    "@refinitiv-ui/translate": {
      "version": "5.0.0",
      "resolved": "https://registry.npmjs.org/@refinitiv-ui/translate/-/translate-5.0.0.tgz",
      "integrity": "sha512-IlSn7QwUTq0jU0E9aXNopfQUJbBMTZgIyLNzXTrnqaS7lP9QVa1SKVT9veE+x6ZYjz5+Jpjzn+bX4XEPKdLmqA==",
      "requires": {
        "@refinitiv-ui/core": "^5.0.0",
        "@refinitiv-ui/i18n": "^5.0.0",
        "@refinitiv-ui/phrasebook": "^5.0.0",
        "lit-html": "^1.3.0"
      }
    },
    "@refinitiv-ui/utils": {
      "version": "5.0.0",
      "resolved": "https://registry.npmjs.org/@refinitiv-ui/utils/-/utils-5.0.0.tgz",
      "integrity": "sha512-JrLFPMNvDR7qPxmX2NQ6FWZGAtt90oqklTwz2Xk3roqe7aigS6ABp5sdbLENL75MAkt7eC3+sTK2Pagi8ic+Ow==",
      "requires": {
        "@types/d3-color": "^2.0.1",
        "@types/uuid": "^8.3.0",
        "d3-color": "^2.0.0",
        "uuid": "^8.3.2"
      }
    },
    "@types/chart.js": {
      "version": "2.9.34",
      "resolved": "https://registry.npmjs.org/@types/chart.js/-/chart.js-2.9.34.tgz",
      "integrity": "sha512-CtZVk+kh1IN67dv+fB0CWmCLCRrDJgqOj15qPic2B1VCMovNO6B7Vhf/TgPpNscjhAL1j+qUntDMWb9A4ZmPTg==",
      "requires": {
        "moment": "^2.10.2"
      }
    },
    "@types/d3-color": {
      "version": "2.0.3",
      "resolved": "https://registry.npmjs.org/@types/d3-color/-/d3-color-2.0.3.tgz",
      "integrity": "sha512-+0EtEjBfKEDtH9Rk3u3kLOUXM5F+iZK+WvASPb0MhIZl8J8NUvGeZRwKCXl+P3HkYx5TdU4YtcibpqHkSR9n7w=="
    },
    "@types/uuid": {
      "version": "8.3.1",
      "resolved": "https://registry.npmjs.org/@types/uuid/-/uuid-8.3.1.tgz",
      "integrity": "sha512-Y2mHTRAbqfFkpjldbkHGY8JIzRN6XqYRliG8/24FcHm2D2PwW24fl5xMRTVGdrb7iMrwCaIEbLWerGIkXuFWVg=="
    },
    "chart.js": {
      "version": "2.9.3",
      "resolved": "https://registry.npmjs.org/chart.js/-/chart.js-2.9.3.tgz",
      "integrity": "sha512-+2jlOobSk52c1VU6fzkh3UwqHMdSlgH1xFv9FKMqHiNCpXsGPQa/+81AFa+i3jZ253Mq9aAycPwDjnn1XbRNNw==",
      "requires": {
        "chartjs-color": "^2.1.0",
        "moment": "^2.10.2"
      }
    },
    "chartjs-color": {
      "version": "2.4.1",
      "resolved": "https://registry.npmjs.org/chartjs-color/-/chartjs-color-2.4.1.tgz",
      "integrity": "sha512-haqOg1+Yebys/Ts/9bLo/BqUcONQOdr/hoEr2LLTRl6C5LXctUdHxsCYfvQVg5JIxITrfCNUDr4ntqmQk9+/0w==",
      "requires": {
        "chartjs-color-string": "^0.6.0",
        "color-convert": "^1.9.3"
      }
    },
    "chartjs-color-string": {
      "version": "0.6.0",
      "resolved": "https://registry.npmjs.org/chartjs-color-string/-/chartjs-color-string-0.6.0.tgz",
      "integrity": "sha512-TIB5OKn1hPJvO7JcteW4WY/63v6KwEdt6udfnDE9iCAZgy+V4SrbSxoIbTw/xkUIapjEI4ExGtD0+6D3KyFd7A==",
      "requires": {
        "color-name": "^1.0.0"
      }
    },
    "color-convert": {
      "version": "1.9.3",
      "resolved": "https://registry.npmjs.org/color-convert/-/color-convert-1.9.3.tgz",
      "integrity": "sha512-QfAUtd+vFdAtFQcC8CCyYt1fYWxSqAiK2cSD6zDB8N3cpsEBAvRxp9zOGg6G/SHHJYAT88/az/IuDGALsNVbGg==",
      "requires": {
        "color-name": "1.1.3"
      },
      "dependencies": {
        "color-name": {
          "version": "1.1.3",
          "resolved": "https://registry.npmjs.org/color-name/-/color-name-1.1.3.tgz",
          "integrity": "sha1-p9BVi9icQveV3UIyj3QIMcpTvCU="
        }
      }
    },
    "color-name": {
      "version": "1.1.4",
      "resolved": "https://registry.npmjs.org/color-name/-/color-name-1.1.4.tgz",
      "integrity": "sha512-dOy+3AuW3a2wNbZHIuMZpTcgjGuLU/uBL/ubcZF9OXbDo8ff4O8yVp5Bf0efS8uEoYo5q4Fx7dY9OgQGXgAsQA=="
    },
    "d3-color": {
      "version": "2.0.0",
      "resolved": "https://registry.npmjs.org/d3-color/-/d3-color-2.0.0.tgz",
      "integrity": "sha512-SPXi0TSKPD4g9tw0NMZFnR95XVgUZiBH+uUTqQuDu1OsE2zomHU7ho0FISciaPvosimixwHFl3WHLGabv6dDgQ=="
    },
    "d3-interpolate": {
      "version": "2.0.1",
      "resolved": "https://registry.npmjs.org/d3-interpolate/-/d3-interpolate-2.0.1.tgz",
      "integrity": "sha512-c5UhwwTs/yybcmTpAVqwSFl6vrQ8JZJoT5F7xNFK9pymv5C0Ymcc9/LIJHtYIggg/yS9YHw8i8O8tgb9pupjeQ==",
      "requires": {
        "d3-color": "1 - 2"
      }
    },
    "date-fns": {
      "version": "2.22.1",
      "resolved": "https://registry.npmjs.org/date-fns/-/date-fns-2.22.1.tgz",
      "integrity": "sha512-yUFPQjrxEmIsMqlHhAhmxkuH769baF21Kk+nZwZGyrMoyLA+LugaQtC0+Tqf9CBUUULWwUJt6Q5ySI3LJDDCGg=="
    },
    "emojis-list": {
      "version": "3.0.0",
      "resolved": "https://registry.npmjs.org/emojis-list/-/emojis-list-3.0.0.tgz",
      "integrity": "sha512-/kyM18EfinwXZbno9FyUGeFh87KC8HRQBQGildHZbEuRyWFOmv1U10o9BBp8XVZDVNNuQKyIGIu5ZYAAXJ0V2Q=="
    },
    "fancy-canvas": {
      "version": "0.2.2",
      "resolved": "https://registry.npmjs.org/fancy-canvas/-/fancy-canvas-0.2.2.tgz",
      "integrity": "sha512-50qi8xA0QkHbjmb8h7XQ6k2fvD7y/yMfiUw9YTarJ7rWrq6o5/3CCXPouYk+XSLASvvxtjyiQLRBFt3qkE3oyA=="
    },
    "fast-memoize": {
      "version": "2.5.2",
      "resolved": "https://registry.npmjs.org/fast-memoize/-/fast-memoize-2.5.2.tgz",
      "integrity": "sha512-Ue0LwpDYErFbmNnZSF0UH6eImUwDmogUO1jyE+JbN2gsQz/jICm1Ve7t9QT0rNSsfJt+Hs4/S3GnsDVjL4HVrw=="
    },
    "intl-format-cache": {
      "version": "4.3.1",
      "resolved": "https://registry.npmjs.org/intl-format-cache/-/intl-format-cache-4.3.1.tgz",
      "integrity": "sha512-OEUYNA7D06agqPOYhbTkl0T8HA3QKSuwWh1HiClEnpd9vw7N+3XsQt5iZ0GUEchp5CW1fQk/tary+NsbF3yQ1Q=="
    },
    "intl-messageformat": {
      "version": "9.4.9",
      "resolved": "https://registry.npmjs.org/intl-messageformat/-/intl-messageformat-9.4.9.tgz",
      "integrity": "sha512-kzGWQKQbr+RWp0Y++mUq3xuria4kk8sGspD62tBaFixq2Pv0NGy/BOVI1VvdIELbgSz0fKl4jA/klH+cYDU2iQ==",
      "requires": {
        "fast-memoize": "^2.5.2",
        "intl-messageformat-parser": "6.3.4",
        "tslib": "^2.0.1"
      }
    },
    "intl-messageformat-parser": {
      "version": "6.3.4",
      "resolved": "https://registry.npmjs.org/intl-messageformat-parser/-/intl-messageformat-parser-6.3.4.tgz",
      "integrity": "sha512-nlAjRbE52xxK6F6bdJ8nR7mQodP7VanP8dWPfLwby8Murt7pvyq4V49/f9l0LqvmZvqqKE4tS0+EHI6u0Xx+6A==",
      "requires": {
        "@formatjs/ecma402-abstract": "1.5.4",
        "tslib": "^2.0.1"
      }
    },
    "lightweight-charts": {
      "version": "3.4.0",
      "resolved": "https://registry.npmjs.org/lightweight-charts/-/lightweight-charts-3.4.0.tgz",
      "integrity": "sha512-FV1F/9c3+0WiSZkZszOIaw32YZhxVjQbE9LKf9LavL+2JQPeBce8rV0CIiT1puzRUMK+JJR2cbL1Ky+PkIy88A==",
      "requires": {
        "fancy-canvas": "0.2.2"
      }
    },
    "lit-element": {
      "version": "2.5.1",
      "resolved": "https://registry.npmjs.org/lit-element/-/lit-element-2.5.1.tgz",
      "integrity": "sha512-ogu7PiJTA33bEK0xGu1dmaX5vhcRjBXCFexPja0e7P7jqLhTpNKYRPmE+GmiCaRVAbiQKGkUgkh/i6+bh++dPQ==",
      "requires": {
        "lit-html": "^1.1.1"
      }
    },
    "lit-html": {
      "version": "1.4.1",
      "resolved": "https://registry.npmjs.org/lit-html/-/lit-html-1.4.1.tgz",
      "integrity": "sha512-B9btcSgPYb1q4oSOb/PrOT6Z/H+r6xuNzfH4lFli/AWhYwdtrgQkQWBbIc6mdnf6E2IL3gDXdkkqNktpU0OZQA=="
    },
    "moment": {
      "version": "2.29.1",
      "resolved": "https://registry.npmjs.org/moment/-/moment-2.29.1.tgz",
      "integrity": "sha512-kHmoybcPV8Sqy59DwNDY3Jefr64lK/by/da0ViFcuA4DH0vQg5Q6Ze5VimxkfQNSC+Mls/Kx53s7TjP1RhFEDQ=="
    },
    "tslib": {
      "version": "2.3.0",
      "resolved": "https://registry.npmjs.org/tslib/-/tslib-2.3.0.tgz",
      "integrity": "sha512-N82ooyxVNm6h1riLCoyS9e3fuJ3AMG2zIZs2Gd1ATcSFjSA23Q0fzjjZeh0jbJvWVDZ0cJT8yaNNaaXHzueNjg=="
    },
    "uuid": {
      "version": "8.3.2",
      "resolved": "https://registry.npmjs.org/uuid/-/uuid-8.3.2.tgz",
      "integrity": "sha512-+NYs2QeMWy+GWFOEm9xnn6HCDp0l7QBD7ml8zLUmJ+93Q5NF0NocErnwkTkXVFNiX3/fpC6afS8Dhb/gz7R7eg=="
    }
  }
}
